<?xml version="1.0" encoding="utf-8"?>
<Project ToolsVersion="4.0" xmlns="http://schemas.microsoft.com/developer/msbuild/2003">
  <ItemGroup>
    <Filter Include="src">
      <UniqueIdentifier>{c503d7ee-1b14-4d16-99bc-0b2b6563be48}</UniqueIdentifier>
    </Filter>
    <Filter Include="libs">
      <UniqueIdentifier>{7e5e7a7f-d819-4e5d-ac25-65530aee3308}</UniqueIdentifier>
    </Filter>
  </ItemGroup>
  <ItemGroup>
    <ClInclude Include="libs\app.h">
      <Filter>libs</Filter>
    </ClInclude>
    <ClInclude Include="libs\graph.h">
      <Filter>libs</Filter>
    </ClInclude>
    <ClInclude Include="libs\sysfont.h">
      <Filter>libs</Filter>
    </ClInclude>
  </ItemGroup>
  <ItemGroup>
    <ClCompile Include="src\main.cpp">
      <Filter>src</Filter>
    </ClCompile>
  </ItemGroup>
</Project>